
Microsoft Visual Studio Solution File, Format Version 12.00
# Visual Studio Version 17
VisualStudioVersion = 17.5.002.0
MinimumVisualStudioVersion = 10.0.40219.1
Project("{9A19103F-16F7-4668-BE54-9A1E7A4F7556}") = "SPACE - Azure Fundamentals - Azure Functions", "SPACE - Azure Fundamentals - Azure Functions.csproj", "{34F8F233-FF86-42C6-955C-F8265364FD36}"
EndProject
Global
	GlobalSection(SolutionConfigurationPlatforms) = preSolution
		Debug|Any CPU = Debug|Any CPU
		Release|Any CPU = Release|Any CPU
	EndGlobalSection
	GlobalSection(ProjectConfigurationPlatforms) = postSolution
		{34F8F233-FF86-42C6-955C-F8265364FD36}.Debug|Any CPU.ActiveCfg = Debug|Any CPU
		{34F8F233-FF86-42C6-955C-F8265364FD36}.Debug|Any CPU.Build.0 = Debug|Any CPU
		{34F8F233-FF86-42C6-955C-F8265364FD36}.Release|Any CPU.ActiveCfg = Release|Any CPU
		{34F8F233-FF86-42C6-955C-F8265364FD36}.Release|Any CPU.Build.0 = Release|Any CPU
	EndGlobalSection
	GlobalSection(SolutionProperties) = preSolution
		HideSolutionNode = FALSE
	EndGlobalSection
	GlobalSection(ExtensibilityGlobals) = postSolution
		SolutionGuid = {CC23A6D0-CD29-469A-A5D5-1AB36E88E414}
	EndGlobalSection
EndGlobal
